
Microsoft Visual Studio Solution File, Format Version 12.00
# Visual Studio Version 16
VisualStudioVersion = 16.0.33529.622
MinimumVisualStudioVersion = 10.0.40219.1
Project("{FAE04EC0-301F-11D3-BF4B-00C04F79EFBC}") = "ElcaPIMTool.Webresources", "ElcaPIMTool.Webresources\ElcaPIMTool.Webresources.csproj", "{843FC9A4-A562-4CD8-98FE-D65964E31B24}"
EndProject
Project("{FAE04EC0-301F-11D3-BF4B-00C04F79EFBC}") = "ElcaPIMTool.Common", "ElcaPIMTool.Common\ElcaPIMTool.Common.csproj", "{FB015F9B-E2FA-4BFE-93F5-3166959732D9}"
EndProject
Project("{FAE04EC0-301F-11D3-BF4B-00C04F79EFBC}") = "ElcaPIMTool.Plugins.Unittest", "ElcaPIMTool.Plugins.Unittest\ElcaPIMTool.Plugins.Unittest.csproj", "{7A38CB5A-6867-4634-A881-76660F786C1D}"
EndProject
Project("{FAE04EC0-301F-11D3-BF4B-00C04F79EFBC}") = "ElcaPIMTool.Plugins", "ElcaPIMTool.Plugins\ElcaPIMTool.Plugins.csproj", "{CFCEA80C-C450-4C20-80B3-D35F3390ADE5}"
EndProject
Project("{FAE04EC0-301F-11D3-BF4B-00C04F79EFBC}") = "ElcaPIMTool.Package", "ElcaPIMTool.Package\ElcaPIMTool.Package.csproj", "{E0FCD1D5-4FB3-4416-BF9E-784BC1620AA1}"
EndProject
Global
	GlobalSection(SolutionConfigurationPlatforms) = preSolution
		Debug|Any CPU = Debug|Any CPU
		Release|Any CPU = Release|Any CPU
	EndGlobalSection
	GlobalSection(ProjectConfigurationPlatforms) = postSolution
		{843FC9A4-A562-4CD8-98FE-D65964E31B24}.Debug|Any CPU.ActiveCfg = Debug|Any CPU
		{843FC9A4-A562-4CD8-98FE-D65964E31B24}.Debug|Any CPU.Build.0 = Debug|Any CPU
		{843FC9A4-A562-4CD8-98FE-D65964E31B24}.Release|Any CPU.ActiveCfg = Release|Any CPU
		{843FC9A4-A562-4CD8-98FE-D65964E31B24}.Release|Any CPU.Build.0 = Release|Any CPU
		{FB015F9B-E2FA-4BFE-93F5-3166959732D9}.Debug|Any CPU.ActiveCfg = Debug|Any CPU
		{FB015F9B-E2FA-4BFE-93F5-3166959732D9}.Debug|Any CPU.Build.0 = Debug|Any CPU
		{FB015F9B-E2FA-4BFE-93F5-3166959732D9}.Release|Any CPU.ActiveCfg = Release|Any CPU
		{FB015F9B-E2FA-4BFE-93F5-3166959732D9}.Release|Any CPU.Build.0 = Release|Any CPU
		{7A38CB5A-6867-4634-A881-76660F786C1D}.Debug|Any CPU.ActiveCfg = Debug|Any CPU
		{7A38CB5A-6867-4634-A881-76660F786C1D}.Debug|Any CPU.Build.0 = Debug|Any CPU
		{7A38CB5A-6867-4634-A881-76660F786C1D}.Release|Any CPU.ActiveCfg = Release|Any CPU
		{7A38CB5A-6867-4634-A881-76660F786C1D}.Release|Any CPU.Build.0 = Release|Any CPU
		{CFCEA80C-C450-4C20-80B3-D35F3390ADE5}.Debug|Any CPU.ActiveCfg = Debug|Any CPU
		{CFCEA80C-C450-4C20-80B3-D35F3390ADE5}.Debug|Any CPU.Build.0 = Debug|Any CPU
		{CFCEA80C-C450-4C20-80B3-D35F3390ADE5}.Release|Any CPU.ActiveCfg = Release|Any CPU
		{CFCEA80C-C450-4C20-80B3-D35F3390ADE5}.Release|Any CPU.Build.0 = Release|Any CPU
		{E0FCD1D5-4FB3-4416-BF9E-784BC1620AA1}.Debug|Any CPU.ActiveCfg = Debug|Any CPU
		{E0FCD1D5-4FB3-4416-BF9E-784BC1620AA1}.Debug|Any CPU.Build.0 = Debug|Any CPU
		{E0FCD1D5-4FB3-4416-BF9E-784BC1620AA1}.Debug|Any CPU.Deploy.0 = Debug|Any CPU
		{E0FCD1D5-4FB3-4416-BF9E-784BC1620AA1}.Release|Any CPU.ActiveCfg = Release|Any CPU
		{E0FCD1D5-4FB3-4416-BF9E-784BC1620AA1}.Release|Any CPU.Build.0 = Release|Any CPU
		{E0FCD1D5-4FB3-4416-BF9E-784BC1620AA1}.Release|Any CPU.Deploy.0 = Release|Any CPU
	EndGlobalSection
	GlobalSection(SolutionProperties) = preSolution
		HideSolutionNode = FALSE
	EndGlobalSection
	GlobalSection(ExtensibilityGlobals) = postSolution
		SolutionGuid = {F5DF270B-AE9F-4EA7-854B-1130CF3A142E}
	EndGlobalSection
	GlobalSection(CRMSolutionProperties) = preSolution
		SolutionIsBoundToCRM = True
	EndGlobalSection
EndGlobal
