
Microsoft Visual Studio Solution File, Format Version 12.00
# Visual Studio Version 16
VisualStudioVersion = 16.0.33529.622
MinimumVisualStudioVersion = 10.0.40219.1
Project("{88A30576-7583-4F75-8136-5EFD2C14ADFF}") = "ElcaPIMTool.CrmPackage", "..\ElcaPIMTool.CrmPackage\ElcaPIMTool.CrmPackage.csproj", "{9AE72527-4C3F-4577-ACB5-7120390285A2}"
	ProjectSection(ProjectDependencies) = postProject
		{37CF28FC-A50A-43A6-8F0A-33B10D705FC9} = {37CF28FC-A50A-43A6-8F0A-33B10D705FC9}
	EndProjectSection
EndProject
Project("{FAE04EC0-301F-11D3-BF4B-00C04F79EFBC}") = "ElcaPIMTool.Plugins", "..\ElcaPIMTool.Plugins\ElcaPIMTool.Plugins.csproj", "{37CF28FC-A50A-43A6-8F0A-33B10D705FC9}"
EndProject
Project("{FAE04EC0-301F-11D3-BF4B-00C04F79EFBC}") = "ElcaPIMTool.Webresources", "ElcaPIMTool.Webresources.csproj", "{843FC9A4-A562-4CD8-98FE-D65964E31B24}"
EndProject
Project("{FAE04EC0-301F-11D3-BF4B-00C04F79EFBC}") = "ElcaPIMTool.Plugins.Unittest", "..\ElcaPIMTool.Plugins.Unittest\ElcaPIMTool.Plugins.Unittest.csproj", "{7A38CB5A-6867-4634-A881-76660F786C1D}"
EndProject
Global
	GlobalSection(SolutionConfigurationPlatforms) = preSolution
		Debug|Any CPU = Debug|Any CPU
		Release|Any CPU = Release|Any CPU
	EndGlobalSection
	GlobalSection(ProjectConfigurationPlatforms) = postSolution
		{9AE72527-4C3F-4577-ACB5-7120390285A2}.Debug|Any CPU.ActiveCfg = Debug|Any CPU
		{9AE72527-4C3F-4577-ACB5-7120390285A2}.Debug|Any CPU.Build.0 = Debug|Any CPU
		{9AE72527-4C3F-4577-ACB5-7120390285A2}.Debug|Any CPU.Deploy.0 = Debug|Any CPU
		{9AE72527-4C3F-4577-ACB5-7120390285A2}.Release|Any CPU.ActiveCfg = Release|Any CPU
		{9AE72527-4C3F-4577-ACB5-7120390285A2}.Release|Any CPU.Build.0 = Release|Any CPU
		{9AE72527-4C3F-4577-ACB5-7120390285A2}.Release|Any CPU.Deploy.0 = Release|Any CPU
		{37CF28FC-A50A-43A6-8F0A-33B10D705FC9}.Debug|Any CPU.ActiveCfg = Debug|Any CPU
		{37CF28FC-A50A-43A6-8F0A-33B10D705FC9}.Debug|Any CPU.Build.0 = Debug|Any CPU
		{37CF28FC-A50A-43A6-8F0A-33B10D705FC9}.Release|Any CPU.ActiveCfg = Release|Any CPU
		{37CF28FC-A50A-43A6-8F0A-33B10D705FC9}.Release|Any CPU.Build.0 = Release|Any CPU
		{843FC9A4-A562-4CD8-98FE-D65964E31B24}.Debug|Any CPU.ActiveCfg = Debug|Any CPU
		{843FC9A4-A562-4CD8-98FE-D65964E31B24}.Debug|Any CPU.Build.0 = Debug|Any CPU
		{843FC9A4-A562-4CD8-98FE-D65964E31B24}.Release|Any CPU.ActiveCfg = Release|Any CPU
		{843FC9A4-A562-4CD8-98FE-D65964E31B24}.Release|Any CPU.Build.0 = Release|Any CPU
		{7A38CB5A-6867-4634-A881-76660F786C1D}.Debug|Any CPU.ActiveCfg = Debug|Any CPU
		{7A38CB5A-6867-4634-A881-76660F786C1D}.Debug|Any CPU.Build.0 = Debug|Any CPU
		{7A38CB5A-6867-4634-A881-76660F786C1D}.Release|Any CPU.ActiveCfg = Release|Any CPU
		{7A38CB5A-6867-4634-A881-76660F786C1D}.Release|Any CPU.Build.0 = Release|Any CPU
	EndGlobalSection
	GlobalSection(SolutionProperties) = preSolution
		HideSolutionNode = FALSE
	EndGlobalSection
	GlobalSection(ExtensibilityGlobals) = postSolution
		SolutionGuid = {7B2E7FFD-4FA1-488E-B500-69AFCC7EC0F1}
	EndGlobalSection
	GlobalSection(CRMSolutionProperties) = preSolution
		SolutionIsBoundToCRM = True
	EndGlobalSection
EndGlobal
